// !$*UTF8*$!
{
	archiveVersion = 1;
	classes = {
	};
	objectVersion = 55;
	objects = {

/* Begin PBXBuildFile section */
		09B65C691BB8DEDA9071E357 /* Pods_Instagram_InstagramUITests.framework in Frameworks */ = {isa = PBXBuildFile; fileRef = 1C031324CE52A2A1F9843032 /* Pods_Instagram_InstagramUITests.framework */; };
		99DD5FF5498D356A774E9876 /* Pods_InstagramTests.framework in Frameworks */ = {isa = PBXBuildFile; fileRef = 3CBA2C14BA649CD1407033EF /* Pods_InstagramTests.framework */; };
		B98F0B1F27DE83B500DE2270 /* CommentCell.swift in Sources */ = {isa = PBXBuildFile; fileRef = B98F0B1E27DE83B500DE2270 /* CommentCell.swift */; };
		B9DDA64B27D5811B00801B48 /* AppDelegate.swift in Sources */ = {isa = PBXBuildFile; fileRef = B9DDA64A27D5811B00801B48 /* AppDelegate.swift */; };
		B9DDA64D27D5811B00801B48 /* SceneDelegate.swift in Sources */ = {isa = PBXBuildFile; fileRef = B9DDA64C27D5811B00801B48 /* SceneDelegate.swift */; };
		B9DDA65227D5811B00801B48 /* Main.storyboard in Resources */ = {isa = PBXBuildFile; fileRef = B9DDA65027D5811B00801B48 /* Main.storyboard */; };
		B9DDA65427D5811F00801B48 /* Assets.xcassets in Resources */ = {isa = PBXBuildFile; fileRef = B9DDA65327D5811F00801B48 /* Assets.xcassets */; };
		B9DDA65727D5812000801B48 /* LaunchScreen.storyboard in Resources */ = {isa = PBXBuildFile; fileRef = B9DDA65527D5812000801B48 /* LaunchScreen.storyboard */; };
		B9DDA66227D5812000801B48 /* InstagramTests.swift in Sources */ = {isa = PBXBuildFile; fileRef = B9DDA66127D5812000801B48 /* InstagramTests.swift */; };
		B9DDA66C27D5812000801B48 /* InstagramUITests.swift in Sources */ = {isa = PBXBuildFile; fileRef = B9DDA66B27D5812000801B48 /* InstagramUITests.swift */; };
		B9DDA66E27D5812000801B48 /* InstagramUITestsLaunchTests.swift in Sources */ = {isa = PBXBuildFile; fileRef = B9DDA66D27D5812000801B48 /* InstagramUITestsLaunchTests.swift */; };
		B9DDA67B27D5865600801B48 /* LoginViewController.swift in Sources */ = {isa = PBXBuildFile; fileRef = B9DDA67A27D5865600801B48 /* LoginViewController.swift */; };
		B9DDA67D27D5866000801B48 /* FeedViewController.swift in Sources */ = {isa = PBXBuildFile; fileRef = B9DDA67C27D5866000801B48 /* FeedViewController.swift */; };
		B9DDA67F27D5953D00801B48 /* CameraViewController.swift in Sources */ = {isa = PBXBuildFile; fileRef = B9DDA67E27D5953D00801B48 /* CameraViewController.swift */; };
		B9DDA68127D5A16D00801B48 /* PostCell.swift in Sources */ = {isa = PBXBuildFile; fileRef = B9DDA68027D5A16C00801B48 /* PostCell.swift */; };
		D9A61D004F960B41FBB0C141 /* Pods_Instagram.framework in Frameworks */ = {isa = PBXBuildFile; fileRef = 9509B0DF1359A21E36A41F62 /* Pods_Instagram.framework */; };
/* End PBXBuildFile section */

/* Begin PBXContainerItemProxy section */
		B9DDA65E27D5812000801B48 /* PBXContainerItemProxy */ = {
			isa = PBXContainerItemProxy;
			containerPortal = B9DDA63F27D5811B00801B48 /* Project object */;
			proxyType = 1;
			remoteGlobalIDString = B9DDA64627D5811B00801B48;
			remoteInfo = Instagram;
		};
		B9DDA66827D5812000801B48 /* PBXContainerItemProxy */ = {
			isa = PBXContainerItemProxy;
			containerPortal = B9DDA63F27D5811B00801B48 /* Project object */;
			proxyType = 1;
			remoteGlobalIDString = B9DDA64627D5811B00801B48;
			remoteInfo = Instagram;
		};
/* End PBXContainerItemProxy section */

/* Begin PBXFileReference section */
		1B50A749F8F40B7C50799D8E /* Pods-InstagramTests.release.xcconfig */ = {isa = PBXFileReference; includeInIndex = 1; lastKnownFileType = text.xcconfig; name = "Pods-InstagramTests.release.xcconfig"; path = "Target Support Files/Pods-InstagramTests/Pods-InstagramTests.release.xcconfig"; sourceTree = "<group>"; };
		1C031324CE52A2A1F9843032 /* Pods_Instagram_InstagramUITests.framework */ = {isa = PBXFileReference; explicitFileType = wrapper.framework; includeInIndex = 0; path = Pods_Instagram_InstagramUITests.framework; sourceTree = BUILT_PRODUCTS_DIR; };
		2C36C4724745FECC32BAECF4 /* Pods-Instagram.debug.xcconfig */ = {isa = PBXFileReference; includeInIndex = 1; lastKnownFileType = text.xcconfig; name = "Pods-Instagram.debug.xcconfig"; path = "Target Support Files/Pods-Instagram/Pods-Instagram.debug.xcconfig"; sourceTree = "<group>"; };
		3CBA2C14BA649CD1407033EF /* Pods_InstagramTests.framework */ = {isa = PBXFileReference; explicitFileType = wrapper.framework; includeInIndex = 0; path = Pods_InstagramTests.framework; sourceTree = BUILT_PRODUCTS_DIR; };
		3CE42E755C61146737455640 /* Pods-InstagramTests.debug.xcconfig */ = {isa = PBXFileReference; includeInIndex = 1; lastKnownFileType = text.xcconfig; name = "Pods-InstagramTests.debug.xcconfig"; path = "Target Support Files/Pods-InstagramTests/Pods-InstagramTests.debug.xcconfig"; sourceTree = "<group>"; };
		4A6BAE01FFFFEF4D0C33D585 /* Pods-Instagram-InstagramUITests.release.xcconfig */ = {isa = PBXFileReference; includeInIndex = 1; lastKnownFileType = text.xcconfig; name = "Pods-Instagram-InstagramUITests.release.xcconfig"; path = "Target Support Files/Pods-Instagram-InstagramUITests/Pods-Instagram-InstagramUITests.release.xcconfig"; sourceTree = "<group>"; };
		5469D2947C50F93B8CFAFCB8 /* Pods-Instagram-InstagramUITests.debug.xcconfig */ = {isa = PBXFileReference; includeInIndex = 1; lastKnownFileType = text.xcconfig; name = "Pods-Instagram-InstagramUITests.debug.xcconfig"; path = "Target Support Files/Pods-Instagram-InstagramUITests/Pods-Instagram-InstagramUITests.debug.xcconfig"; sourceTree = "<group>"; };
		9057931DEFC8A3D80395BDE8 /* Pods-Instagram.release.xcconfig */ = {isa = PBXFileReference; includeInIndex = 1; lastKnownFileType = text.xcconfig; name = "Pods-Instagram.release.xcconfig"; path = "Target Support Files/Pods-Instagram/Pods-Instagram.release.xcconfig"; sourceTree = "<group>"; };
		9509B0DF1359A21E36A41F62 /* Pods_Instagram.framework */ = {isa = PBXFileReference; explicitFileType = wrapper.framework; includeInIndex = 0; path = Pods_Instagram.framework; sourceTree = BUILT_PRODUCTS_DIR; };
		B98F0B1E27DE83B500DE2270 /* CommentCell.swift */ = {isa = PBXFileReference; lastKnownFileType = sourcecode.swift; path = CommentCell.swift; sourceTree = "<group>"; };
		B9DDA64727D5811B00801B48 /* Instagram.app */ = {isa = PBXFileReference; explicitFileType = wrapper.application; includeInIndex = 0; path = Instagram.app; sourceTree = BUILT_PRODUCTS_DIR; };
		B9DDA64A27D5811B00801B48 /* AppDelegate.swift */ = {isa = PBXFileReference; lastKnownFileType = sourcecode.swift; path = AppDelegate.swift; sourceTree = "<group>"; };
		B9DDA64C27D5811B00801B48 /* SceneDelegate.swift */ = {isa = PBXFileReference; lastKnownFileType = sourcecode.swift; path = SceneDelegate.swift; sourceTree = "<group>"; };
		B9DDA65127D5811B00801B48 /* Base */ = {isa = PBXFileReference; lastKnownFileType = file.storyboard; name = Base; path = Base.lproj/Main.storyboard; sourceTree = "<group>"; };
		B9DDA65327D5811F00801B48 /* Assets.xcassets */ = {isa = PBXFileReference; lastKnownFileType = folder.assetcatalog; path = Assets.xcassets; sourceTree = "<group>"; };
		B9DDA65627D5812000801B48 /* Base */ = {isa = PBXFileReference; lastKnownFileType = file.storyboard; name = Base; path = Base.lproj/LaunchScreen.storyboard; sourceTree = "<group>"; };
		B9DDA65827D5812000801B48 /* Info.plist */ = {isa = PBXFileReference; lastKnownFileType = text.plist.xml; path = Info.plist; sourceTree = "<group>"; };
		B9DDA65D27D5812000801B48 /* InstagramTests.xctest */ = {isa = PBXFileReference; explicitFileType = wrapper.cfbundle; includeInIndex = 0; path = InstagramTests.xctest; sourceTree = BUILT_PRODUCTS_DIR; };
		B9DDA66127D5812000801B48 /* InstagramTests.swift */ = {isa = PBXFileReference; lastKnownFileType = sourcecode.swift; path = InstagramTests.swift; sourceTree = "<group>"; };
		B9DDA66727D5812000801B48 /* InstagramUITests.xctest */ = {isa = PBXFileReference; explicitFileType = wrapper.cfbundle; includeInIndex = 0; path = InstagramUITests.xctest; sourceTree = BUILT_PRODUCTS_DIR; };
		B9DDA66B27D5812000801B48 /* InstagramUITests.swift */ = {isa = PBXFileReference; lastKnownFileType = sourcecode.swift; path = InstagramUITests.swift; sourceTree = "<group>"; };
		B9DDA66D27D5812000801B48 /* InstagramUITestsLaunchTests.swift */ = {isa = PBXFileReference; lastKnownFileType = sourcecode.swift; path = InstagramUITestsLaunchTests.swift; sourceTree = "<group>"; };
		B9DDA67A27D5865600801B48 /* LoginViewController.swift */ = {isa = PBXFileReference; lastKnownFileType = sourcecode.swift; path = LoginViewController.swift; sourceTree = "<group>"; };
		B9DDA67C27D5866000801B48 /* FeedViewController.swift */ = {isa = PBXFileReference; lastKnownFileType = sourcecode.swift; path = FeedViewController.swift; sourceTree = "<group>"; };
		B9DDA67E27D5953D00801B48 /* CameraViewController.swift */ = {isa = PBXFileReference; lastKnownFileType = sourcecode.swift; path = CameraViewController.swift; sourceTree = "<group>"; };
		B9DDA68027D5A16C00801B48 /* PostCell.swift */ = {isa = PBXFileReference; lastKnownFileType = sourcecode.swift; path = PostCell.swift; sourceTree = "<group>"; };
/* End PBXFileReference section */

/* Begin PBXFrameworksBuildPhase section */
		B9DDA64427D5811B00801B48 /* Frameworks */ = {
			isa = PBXFrameworksBuildPhase;
			buildActionMask = 2147483647;
			files = (
				D9A61D004F960B41FBB0C141 /* Pods_Instagram.framework in Frameworks */,
			);
			runOnlyForDeploymentPostprocessing = 0;
		};
		B9DDA65A27D5812000801B48 /* Frameworks */ = {
			isa = PBXFrameworksBuildPhase;
			buildActionMask = 2147483647;
			files = (
				99DD5FF5498D356A774E9876 /* Pods_InstagramTests.framework in Frameworks */,
			);
			runOnlyForDeploymentPostprocessing = 0;
		};
		B9DDA66427D5812000801B48 /* Frameworks */ = {
			isa = PBXFrameworksBuildPhase;
			buildActionMask = 2147483647;
			files = (
				09B65C691BB8DEDA9071E357 /* Pods_Instagram_InstagramUITests.framework in Frameworks */,
			);
			runOnlyForDeploymentPostprocessing = 0;
		};
/* End PBXFrameworksBuildPhase section */

/* Begin PBXGroup section */
		B9DDA63E27D5811B00801B48 = {
			isa = PBXGroup;
			children = (
				B9DDA64927D5811B00801B48 /* Instagram */,
				B9DDA66027D5812000801B48 /* InstagramTests */,
				B9DDA66A27D5812000801B48 /* InstagramUITests */,
				B9DDA64827D5811B00801B48 /* Products */,
				F3EF45562273AE8D350D4042 /* Pods */,
				C9D7175EE0CEAE007463A894 /* Frameworks */,
			);
			sourceTree = "<group>";
		};
		B9DDA64827D5811B00801B48 /* Products */ = {
			isa = PBXGroup;
			children = (
				B9DDA64727D5811B00801B48 /* Instagram.app */,
				B9DDA65D27D5812000801B48 /* InstagramTests.xctest */,
				B9DDA66727D5812000801B48 /* InstagramUITests.xctest */,
			);
			name = Products;
			sourceTree = "<group>";
		};
		B9DDA64927D5811B00801B48 /* Instagram */ = {
			isa = PBXGroup;
			children = (
				B9DDA64A27D5811B00801B48 /* AppDelegate.swift */,
				B9DDA64C27D5811B00801B48 /* SceneDelegate.swift */,
				B9DDA65027D5811B00801B48 /* Main.storyboard */,
				B9DDA65327D5811F00801B48 /* Assets.xcassets */,
				B9DDA65527D5812000801B48 /* LaunchScreen.storyboard */,
				B9DDA65827D5812000801B48 /* Info.plist */,
				B9DDA67A27D5865600801B48 /* LoginViewController.swift */,
				B9DDA67C27D5866000801B48 /* FeedViewController.swift */,
				B9DDA67E27D5953D00801B48 /* CameraViewController.swift */,
				B9DDA68027D5A16C00801B48 /* PostCell.swift */,
				B98F0B1E27DE83B500DE2270 /* CommentCell.swift */,
			);
			path = Instagram;
			sourceTree = "<group>";
		};
		B9DDA66027D5812000801B48 /* InstagramTests */ = {
			isa = PBXGroup;
			children = (
				B9DDA66127D5812000801B48 /* InstagramTests.swift */,
			);
			path = InstagramTests;
			sourceTree = "<group>";
		};
		B9DDA66A27D5812000801B48 /* InstagramUITests */ = {
			isa = PBXGroup;
			children = (
				B9DDA66B27D5812000801B48 /* InstagramUITests.swift */,
				B9DDA66D27D5812000801B48 /* InstagramUITestsLaunchTests.swift */,
			);
			path = InstagramUITests;
			sourceTree = "<group>";
		};
		C9D7175EE0CEAE007463A894 /* Frameworks */ = {
			isa = PBXGroup;
			children = (
				9509B0DF1359A21E36A41F62 /* Pods_Instagram.framework */,
				1C031324CE52A2A1F9843032 /* Pods_Instagram_InstagramUITests.framework */,
				3CBA2C14BA649CD1407033EF /* Pods_InstagramTests.framework */,
			);
			name = Frameworks;
			sourceTree = "<group>";
		};
		F3EF45562273AE8D350D4042 /* Pods */ = {
			isa = PBXGroup;
			children = (
				2C36C4724745FECC32BAECF4 /* Pods-Instagram.debug.xcconfig */,
				9057931DEFC8A3D80395BDE8 /* Pods-Instagram.release.xcconfig */,
				5469D2947C50F93B8CFAFCB8 /* Pods-Instagram-InstagramUITests.debug.xcconfig */,
				4A6BAE01FFFFEF4D0C33D585 /* Pods-Instagram-InstagramUITests.release.xcconfig */,
				3CE42E755C61146737455640 /* Pods-InstagramTests.debug.xcconfig */,
				1B50A749F8F40B7C50799D8E /* Pods-InstagramTests.release.xcconfig */,
			);
			path = Pods;
			sourceTree = "<group>";
		};
/* End PBXGroup section */

/* Begin PBXNativeTarget section */
		B9DDA64627D5811B00801B48 /* Instagram */ = {
			isa = PBXNativeTarget;
			buildConfigurationList = B9DDA67127D5812000801B48 /* Build configuration list for PBXNativeTarget "Instagram" */;
			buildPhases = (
				FF834C7412E4BB4140B250AE /* [CP] Check Pods Manifest.lock */,
				B9DDA64327D5811B00801B48 /* Sources */,
				B9DDA64427D5811B00801B48 /* Frameworks */,
				B9DDA64527D5811B00801B48 /* Resources */,
				A5DD80C961140B8AD47AE21A /* [CP] Embed Pods Frameworks */,
			);
			buildRules = (
			);
			dependencies = (
			);
			name = Instagram;
			productName = Instagram;
			productReference = B9DDA64727D5811B00801B48 /* Instagram.app */;
			productType = "com.apple.product-type.application";
		};
		B9DDA65C27D5812000801B48 /* InstagramTests */ = {
			isa = PBXNativeTarget;
			buildConfigurationList = B9DDA67427D5812000801B48 /* Build configuration list for PBXNativeTarget "InstagramTests" */;
			buildPhases = (
				E980A9A18A4C883F83C0BF37 /* [CP] Check Pods Manifest.lock */,
				B9DDA65927D5812000801B48 /* Sources */,
				B9DDA65A27D5812000801B48 /* Frameworks */,
				B9DDA65B27D5812000801B48 /* Resources */,
			);
			buildRules = (
			);
			dependencies = (
				B9DDA65F27D5812000801B48 /* PBXTargetDependency */,
			);
			name = InstagramTests;
			productName = InstagramTests;
			productReference = B9DDA65D27D5812000801B48 /* InstagramTests.xctest */;
			productType = "com.apple.product-type.bundle.unit-test";
		};
		B9DDA66627D5812000801B48 /* InstagramUITests */ = {
			isa = PBXNativeTarget;
			buildConfigurationList = B9DDA67727D5812000801B48 /* Build configuration list for PBXNativeTarget "InstagramUITests" */;
			buildPhases = (
				958B9E073F2B918ED61E8014 /* [CP] Check Pods Manifest.lock */,
				B9DDA66327D5812000801B48 /* Sources */,
				B9DDA66427D5812000801B48 /* Frameworks */,
				B9DDA66527D5812000801B48 /* Resources */,
				0ADEAA6BB0A2A8B71EFE7918 /* [CP] Embed Pods Frameworks */,
			);
			buildRules = (
			);
			dependencies = (
				B9DDA66927D5812000801B48 /* PBXTargetDependency */,
			);
			name = InstagramUITests;
			productName = InstagramUITests;
			productReference = B9DDA66727D5812000801B48 /* InstagramUITests.xctest */;
			productType = "com.apple.product-type.bundle.ui-testing";
		};
/* End PBXNativeTarget section */

/* Begin PBXProject section */
		B9DDA63F27D5811B00801B48 /* Project object */ = {
			isa = PBXProject;
			attributes = {
				BuildIndependentTargetsInParallel = 1;
				LastSwiftUpdateCheck = 1320;
				LastUpgradeCheck = 1320;
				TargetAttributes = {
					B9DDA64627D5811B00801B48 = {
						CreatedOnToolsVersion = 13.2.1;
					};
					B9DDA65C27D5812000801B48 = {
						CreatedOnToolsVersion = 13.2.1;
						TestTargetID = B9DDA64627D5811B00801B48;
					};
					B9DDA66627D5812000801B48 = {
						CreatedOnToolsVersion = 13.2.1;
						TestTargetID = B9DDA64627D5811B00801B48;
					};
				};
			};
			buildConfigurationList = B9DDA64227D5811B00801B48 /* Build configuration list for PBXProject "Instagram" */;
			compatibilityVersion = "Xcode 13.0";
			developmentRegion = en;
			hasScannedForEncodings = 0;
			knownRegions = (
				en,
				Base,
			);
			mainGroup = B9DDA63E27D5811B00801B48;
			productRefGroup = B9DDA64827D5811B00801B48 /* Products */;
			projectDirPath = "";
			projectRoot = "";
			targets = (
				B9DDA64627D5811B00801B48 /* Instagram */,
				B9DDA65C27D5812000801B48 /* InstagramTests */,
				B9DDA66627D5812000801B48 /* InstagramUITests */,
			);
		};
/* End PBXProject section */

/* Begin PBXResourcesBuildPhase section */
		B9DDA64527D5811B00801B48 /* Resources */ = {
			isa = PBXResourcesBuildPhase;
			buildActionMask = 2147483647;
			files = (
				B9DDA65727D5812000801B48 /* LaunchScreen.storyboard in Resources */,
				B9DDA65427D5811F00801B48 /* Assets.xcassets in Resources */,
				B9DDA65227D5811B00801B48 /* Main.storyboard in Resources */,
			);
			runOnlyForDeploymentPostprocessing = 0;
		};
		B9DDA65B27D5812000801B48 /* Resources */ = {
			isa = PBXResourcesBuildPhase;
			buildActionMask = 2147483647;
			files = (
			);
			runOnlyForDeploymentPostprocessing = 0;
		};
		B9DDA66527D5812000801B48 /* Resources */ = {
			isa = PBXResourcesBuildPhase;
			buildActionMask = 2147483647;
			files = (
			);
			runOnlyForDeploymentPostprocessing = 0;
		};
/* End PBXResourcesBuildPhase section */

/* Begin PBXShellScriptBuildPhase section */
		0ADEAA6BB0A2A8B71EFE7918 /* [CP] Embed Pods Frameworks */ = {
			isa = PBXShellScriptBuildPhase;
			buildActionMask = 2147483647;
			files = (
			);
			inputFileListPaths = (
				"${PODS_ROOT}/Target Support Files/Pods-Instagram-InstagramUITests/Pods-Instagram-InstagramUITests-frameworks-${CONFIGURATION}-input-files.xcfilelist",
			);
			name = "[CP] Embed Pods Frameworks";
			outputFileListPaths = (
				"${PODS_ROOT}/Target Support Files/Pods-Instagram-InstagramUITests/Pods-Instagram-InstagramUITests-frameworks-${CONFIGURATION}-output-files.xcfilelist",
			);
			runOnlyForDeploymentPostprocessing = 0;
			shellPath = /bin/sh;
			shellScript = "\"${PODS_ROOT}/Target Support Files/Pods-Instagram-InstagramUITests/Pods-Instagram-InstagramUITests-frameworks.sh\"\n";
			showEnvVarsInLog = 0;
		};
		958B9E073F2B918ED61E8014 /* [CP] Check Pods Manifest.lock */ = {
			isa = PBXShellScriptBuildPhase;
			buildActionMask = 2147483647;
			files = (
			);
			inputFileListPaths = (
			);
			inputPaths = (
				"${PODS_PODFILE_DIR_PATH}/Podfile.lock",
				"${PODS_ROOT}/Manifest.lock",
			);
			name = "[CP] Check Pods Manifest.lock";
			outputFileListPaths = (
			);
			outputPaths = (
				"$(DERIVED_FILE_DIR)/Pods-Instagram-InstagramUITests-checkManifestLockResult.txt",
			);
			runOnlyForDeploymentPostprocessing = 0;
			shellPath = /bin/sh;
			shellScript = "diff \"${PODS_PODFILE_DIR_PATH}/Podfile.lock\" \"${PODS_ROOT}/Manifest.lock\" > /dev/null\nif [ $? != 0 ] ; then\n    # print error to STDERR\n    echo \"error: The sandbox is not in sync with the Podfile.lock. Run 'pod install' or update your CocoaPods installation.\" >&2\n    exit 1\nfi\n# This output is used by Xcode 'outputs' to avoid re-running this script phase.\necho \"SUCCESS\" > \"${SCRIPT_OUTPUT_FILE_0}\"\n";
			showEnvVarsInLog = 0;
		};
		A5DD80C961140B8AD47AE21A /* [CP] Embed Pods Frameworks */ = {
			isa = PBXShellScriptBuildPhase;
			buildActionMask = 2147483647;
			files = (
			);
			inputFileListPaths = (
				"${PODS_ROOT}/Target Support Files/Pods-Instagram/Pods-Instagram-frameworks-${CONFIGURATION}-input-files.xcfilelist",
			);
			name = "[CP] Embed Pods Frameworks";
			outputFileListPaths = (
				"${PODS_ROOT}/Target Support Files/Pods-Instagram/Pods-Instagram-frameworks-${CONFIGURATION}-output-files.xcfilelist",
			);
			runOnlyForDeploymentPostprocessing = 0;
			shellPath = /bin/sh;
			shellScript = "\"${PODS_ROOT}/Target Support Files/Pods-Instagram/Pods-Instagram-frameworks.sh\"\n";
			showEnvVarsInLog = 0;
		};
		E980A9A18A4C883F83C0BF37 /* [CP] Check Pods Manifest.lock */ = {
			isa = PBXShellScriptBuildPhase;
			buildActionMask = 2147483647;
			files = (
			);
			inputFileListPaths = (
			);
			inputPaths = (
				"${PODS_PODFILE_DIR_PATH}/Podfile.lock",
				"${PODS_ROOT}/Manifest.lock",
			);
			name = "[CP] Check Pods Manifest.lock";
			outputFileListPaths = (
			);
			outputPaths = (
				"$(DERIVED_FILE_DIR)/Pods-InstagramTests-checkManifestLockResult.txt",
			);
			runOnlyForDeploymentPostprocessing = 0;
			shellPath = /bin/sh;
			shellScript = "diff \"${PODS_PODFILE_DIR_PATH}/Podfile.lock\" \"${PODS_ROOT}/Manifest.lock\" > /dev/null\nif [ $? != 0 ] ; then\n    # print error to STDERR\n    echo \"error: The sandbox is not in sync with the Podfile.lock. Run 'pod install' or update your CocoaPods installation.\" >&2\n    exit 1\nfi\n# This output is used by Xcode 'outputs' to avoid re-running this script phase.\necho \"SUCCESS\" > \"${SCRIPT_OUTPUT_FILE_0}\"\n";
			showEnvVarsInLog = 0;
		};
		FF834C7412E4BB4140B250AE /* [CP] Check Pods Manifest.lock */ = {
			isa = PBXShellScriptBuildPhase;
			buildActionMask = 2147483647;
			files = (
			);
			inputFileListPaths = (
			);
			inputPaths = (
				"${PODS_PODFILE_DIR_PATH}/Podfile.lock",
				"${PODS_ROOT}/Manifest.lock",
			);
			name = "[CP] Check Pods Manifest.lock";
			outputFileListPaths = (
			);
			outputPaths = (
				"$(DERIVED_FILE_DIR)/Pods-Instagram-checkManifestLockResult.txt",
			);
			runOnlyForDeploymentPostprocessing = 0;
			shellPath = /bin/sh;
			shellScript = "diff \"${PODS_PODFILE_DIR_PATH}/Podfile.lock\" \"${PODS_ROOT}/Manifest.lock\" > /dev/null\nif [ $? != 0 ] ; then\n    # print error to STDERR\n    echo \"error: The sandbox is not in sync with the Podfile.lock. Run 'pod install' or update your CocoaPods installation.\" >&2\n    exit 1\nfi\n# This output is used by Xcode 'outputs' to avoid re-running this script phase.\necho \"SUCCESS\" > \"${SCRIPT_OUTPUT_FILE_0}\"\n";
			showEnvVarsInLog = 0;
		};
/* End PBXShellScriptBuildPhase section */

/* Begin PBXSourcesBuildPhase section */
		B9DDA64327D5811B00801B48 /* Sources */ = {
			isa = PBXSourcesBuildPhase;
			buildActionMask = 2147483647;
			files = (
				B9DDA67B27D5865600801B48 /* LoginViewController.swift in Sources */,
				B9DDA67F27D5953D00801B48 /* CameraViewController.swift in Sources */,
				B9DDA64B27D5811B00801B48 /* AppDelegate.swift in Sources */,
				B9DDA67D27D5866000801B48 /* FeedViewController.swift in Sources */,
				B9DDA64D27D5811B00801B48 /* SceneDelegate.swift in Sources */,
				B9DDA68127D5A16D00801B48 /* PostCell.swift in Sources */,
				B98F0B1F27DE83B500DE2270 /* CommentCell.swift in Sources */,
			);
			runOnlyForDeploymentPostprocessing = 0;
		};
		B9DDA65927D5812000801B48 /* Sources */ = {
			isa = PBXSourcesBuildPhase;
			buildActionMask = 2147483647;
			files = (
				B9DDA66227D5812000801B48 /* InstagramTests.swift in Sources */,
			);
			runOnlyForDeploymentPostprocessing = 0;
		};
		B9DDA66327D5812000801B48 /* Sources */ = {
			isa = PBXSourcesBuildPhase;
			buildActionMask = 2147483647;
			files = (
				B9DDA66C27D5812000801B48 /* InstagramUITests.swift in Sources */,
				B9DDA66E27D5812000801B48 /* InstagramUITestsLaunchTests.swift in Sources */,
			);
			runOnlyForDeploymentPostprocessing = 0;
		};
/* End PBXSourcesBuildPhase section */

/* Begin PBXTargetDependency section */
		B9DDA65F27D5812000801B48 /* PBXTargetDependency */ = {
			isa = PBXTargetDependency;
			target = B9DDA64627D5811B00801B48 /* Instagram */;
			targetProxy = B9DDA65E27D5812000801B48 /* PBXContainerItemProxy */;
		};
		B9DDA66927D5812000801B48 /* PBXTargetDependency */ = {
			isa = PBXTargetDependency;
			target = B9DDA64627D5811B00801B48 /* Instagram */;
			targetProxy = B9DDA66827D5812000801B48 /* PBXContainerItemProxy */;
		};
/* End PBXTargetDependency section */

/* Begin PBXVariantGroup section */
		B9DDA65027D5811B00801B48 /* Main.storyboard */ = {
			isa = PBXVariantGroup;
			children = (
				B9DDA65127D5811B00801B48 /* Base */,
			);
			name = Main.storyboard;
			sourceTree = "<group>";
		};
		B9DDA65527D5812000801B48 /* LaunchScreen.storyboard */ = {
			isa = PBXVariantGroup;
			children = (
				B9DDA65627D5812000801B48 /* Base */,
			);
			name = LaunchScreen.storyboard;
			sourceTree = "<group>";
		};
/* End PBXVariantGroup section */

/* Begin XCBuildConfiguration section */
		B9DDA66F27D5812000801B48 /* Debug */ = {
			isa = XCBuildConfiguration;
			buildSettings = {
				ALWAYS_SEARCH_USER_PATHS = NO;
				CLANG_ANALYZER_NONNULL = YES;
				CLANG_ANALYZER_NUMBER_OBJECT_CONVERSION = YES_AGGRESSIVE;
				CLANG_CXX_LANGUAGE_STANDARD = "gnu++17";
				CLANG_CXX_LIBRARY = "libc++";
				CLANG_ENABLE_MODULES = YES;
				CLANG_ENABLE_OBJC_ARC = YES;
				CLANG_ENABLE_OBJC_WEAK = YES;
				CLANG_WARN_BLOCK_CAPTURE_AUTORELEASING = YES;
				CLANG_WARN_BOOL_CONVERSION = YES;
				CLANG_WARN_COMMA = YES;
				CLANG_WARN_CONSTANT_CONVERSION = YES;
				CLANG_WARN_DEPRECATED_OBJC_IMPLEMENTATIONS = YES;
				CLANG_WARN_DIRECT_OBJC_ISA_USAGE = YES_ERROR;
				CLANG_WARN_DOCUMENTATION_COMMENTS = YES;
				CLANG_WARN_EMPTY_BODY = YES;
				CLANG_WARN_ENUM_CONVERSION = YES;
				CLANG_WARN_INFINITE_RECURSION = YES;
				CLANG_WARN_INT_CONVERSION = YES;
				CLANG_WARN_NON_LITERAL_NULL_CONVERSION = YES;
				CLANG_WARN_OBJC_IMPLICIT_RETAIN_SELF = YES;
				CLANG_WARN_OBJC_LITERAL_CONVERSION = YES;
				CLANG_WARN_OBJC_ROOT_CLASS = YES_ERROR;
				CLANG_WARN_QUOTED_INCLUDE_IN_FRAMEWORK_HEADER = YES;
				CLANG_WARN_RANGE_LOOP_ANALYSIS = YES;
				CLANG_WARN_STRICT_PROTOTYPES = YES;
				CLANG_WARN_SUSPICIOUS_MOVE = YES;
				CLANG_WARN_UNGUARDED_AVAILABILITY = YES_AGGRESSIVE;
				CLANG_WARN_UNREACHABLE_CODE = YES;
				CLANG_WARN__DUPLICATE_METHOD_MATCH = YES;
				COPY_PHASE_STRIP = NO;
				DEBUG_INFORMATION_FORMAT = dwarf;
				ENABLE_STRICT_OBJC_MSGSEND = YES;
				ENABLE_TESTABILITY = YES;
				GCC_C_LANGUAGE_STANDARD = gnu11;
				GCC_DYNAMIC_NO_PIC = NO;
				GCC_NO_COMMON_BLOCKS = YES;
				GCC_OPTIMIZATION_LEVEL = 0;
				GCC_PREPROCESSOR_DEFINITIONS = (
					"DEBUG=1",
					"$(inherited)",
				);
				GCC_WARN_64_TO_32_BIT_CONVERSION = YES;
				GCC_WARN_ABOUT_RETURN_TYPE = YES_ERROR;
				GCC_WARN_UNDECLARED_SELECTOR = YES;
				GCC_WARN_UNINITIALIZED_AUTOS = YES_AGGRESSIVE;
				GCC_WARN_UNUSED_FUNCTION = YES;
				GCC_WARN_UNUSED_VARIABLE = YES;
				IPHONEOS_DEPLOYMENT_TARGET = 15.2;
				MTL_ENABLE_DEBUG_INFO = INCLUDE_SOURCE;
				MTL_FAST_MATH = YES;
				ONLY_ACTIVE_ARCH = YES;
				SDKROOT = iphoneos;
				SWIFT_ACTIVE_COMPILATION_CONDITIONS = DEBUG;
				SWIFT_OPTIMIZATION_LEVEL = "-Onone";
			};
			name = Debug;
		};
		B9DDA67027D5812000801B48 /* Release */ = {
			isa = XCBuildConfiguration;
			buildSettings = {
				ALWAYS_SEARCH_USER_PATHS = NO;
				CLANG_ANALYZER_NONNULL = YES;
				CLANG_ANALYZER_NUMBER_OBJECT_CONVERSION = YES_AGGRESSIVE;
				CLANG_CXX_LANGUAGE_STANDARD = "gnu++17";
				CLANG_CXX_LIBRARY = "libc++";
				CLANG_ENABLE_MODULES = YES;
				CLANG_ENABLE_OBJC_ARC = YES;
				CLANG_ENABLE_OBJC_WEAK = YES;
				CLANG_WARN_BLOCK_CAPTURE_AUTORELEASING = YES;
				CLANG_WARN_BOOL_CONVERSION = YES;
				CLANG_WARN_COMMA = YES;
				CLANG_WARN_CONSTANT_CONVERSION = YES;
				CLANG_WARN_DEPRECATED_OBJC_IMPLEMENTATIONS = YES;
				CLANG_WARN_DIRECT_OBJC_ISA_USAGE = YES_ERROR;
				CLANG_WARN_DOCUMENTATION_COMMENTS = YES;
				CLANG_WARN_EMPTY_BODY = YES;
				CLANG_WARN_ENUM_CONVERSION = YES;
				CLANG_WARN_INFINITE_RECURSION = YES;
				CLANG_WARN_INT_CONVERSION = YES;
				CLANG_WARN_NON_LITERAL_NULL_CONVERSION = YES;
				CLANG_WARN_OBJC_IMPLICIT_RETAIN_SELF = YES;
				CLANG_WARN_OBJC_LITERAL_CONVERSION = YES;
				CLANG_WARN_OBJC_ROOT_CLASS = YES_ERROR;
				CLANG_WARN_QUOTED_INCLUDE_IN_FRAMEWORK_HEADER = YES;
				CLANG_WARN_RANGE_LOOP_ANALYSIS = YES;
				CLANG_WARN_STRICT_PROTOTYPES = YES;
				CLANG_WARN_SUSPICIOUS_MOVE = YES;
				CLANG_WARN_UNGUARDED_AVAILABILITY = YES_AGGRESSIVE;
				CLANG_WARN_UNREACHABLE_CODE = YES;
				CLANG_WARN__DUPLICATE_METHOD_MATCH = YES;
				COPY_PHASE_STRIP = NO;
				DEBUG_INFORMATION_FORMAT = "dwarf-with-dsym";
				ENABLE_NS_ASSERTIONS = NO;
				ENABLE_STRICT_OBJC_MSGSEND = YES;
				GCC_C_LANGUAGE_STANDARD = gnu11;
				GCC_NO_COMMON_BLOCKS = YES;
				GCC_WARN_64_TO_32_BIT_CONVERSION = YES;
				GCC_WARN_ABOUT_RETURN_TYPE = YES_ERROR;
				GCC_WARN_UNDECLARED_SELECTOR = YES;
				GCC_WARN_UNINITIALIZED_AUTOS = YES_AGGRESSIVE;
				GCC_WARN_UNUSED_FUNCTION = YES;
				GCC_WARN_UNUSED_VARIABLE = YES;
				IPHONEOS_DEPLOYMENT_TARGET = 15.2;
				MTL_ENABLE_DEBUG_INFO = NO;
				MTL_FAST_MATH = YES;
				SDKROOT = iphoneos;
				SWIFT_COMPILATION_MODE = wholemodule;
				SWIFT_OPTIMIZATION_LEVEL = "-O";
				VALIDATE_PRODUCT = YES;
			};
			name = Release;
		};
		B9DDA67227D5812000801B48 /* Debug */ = {
			isa = XCBuildConfiguration;
			baseConfigurationReference = 2C36C4724745FECC32BAECF4 /* Pods-Instagram.debug.xcconfig */;
			buildSettings = {
				ASSETCATALOG_COMPILER_APPICON_NAME = AppIcon;
				ASSETCATALOG_COMPILER_GLOBAL_ACCENT_COLOR_NAME = AccentColor;
				CODE_SIGN_STYLE = Automatic;
				CURRENT_PROJECT_VERSION = 1;
				DEVELOPMENT_TEAM = 3P7Z6DBL3D;
				GENERATE_INFOPLIST_FILE = YES;
				INFOPLIST_FILE = Instagram/Info.plist;
				INFOPLIST_KEY_UIApplicationSupportsIndirectInputEvents = YES;
				INFOPLIST_KEY_UILaunchStoryboardName = LaunchScreen;
				INFOPLIST_KEY_UIMainStoryboardFile = Main;
				INFOPLIST_KEY_UISupportedInterfaceOrientations_iPad = "UIInterfaceOrientationPortrait UIInterfaceOrientationPortraitUpsideDown UIInterfaceOrientationLandscapeLeft UIInterfaceOrientationLandscapeRight";
				INFOPLIST_KEY_UISupportedInterfaceOrientations_iPhone = "UIInterfaceOrientationPortrait UIInterfaceOrientationLandscapeLeft UIInterfaceOrientationLandscapeRight";
				LD_RUNPATH_SEARCH_PATHS = (
					"$(inherited)",
					"@executable_path/Frameworks",
				);
				MARKETING_VERSION = 1.0;
				PRODUCT_BUNDLE_IDENTIFIER = Instagram.Instagram;
				PRODUCT_NAME = "$(TARGET_NAME)";
				SWIFT_EMIT_LOC_STRINGS = YES;
				SWIFT_VERSION = 5.0;
				TARGETED_DEVICE_FAMILY = "1,2";
			};
			name = Debug;
		};
		B9DDA67327D5812000801B48 /* Release */ = {
			isa = XCBuildConfiguration;
			baseConfigurationReference = 9057931DEFC8A3D80395BDE8 /* Pods-Instagram.release.xcconfig */;
			buildSettings = {
				ASSETCATALOG_COMPILER_APPICON_NAME = AppIcon;
				ASSETCATALOG_COMPILER_GLOBAL_ACCENT_COLOR_NAME = AccentColor;
				CODE_SIGN_STYLE = Automatic;
				CURRENT_PROJECT_VERSION = 1;
				DEVELOPMENT_TEAM = 3P7Z6DBL3D;
				GENERATE_INFOPLIST_FILE = YES;
				INFOPLIST_FILE = Instagram/Info.plist;
				INFOPLIST_KEY_UIApplicationSupportsIndirectInputEvents = YES;
				INFOPLIST_KEY_UILaunchStoryboardName = LaunchScreen;
				INFOPLIST_KEY_UIMainStoryboardFile = Main;
				INFOPLIST_KEY_UISupportedInterfaceOrientations_iPad = "UIInterfaceOrientationPortrait UIInterfaceOrientationPortraitUpsideDown UIInterfaceOrientationLandscapeLeft UIInterfaceOrientationLandscapeRight";
				INFOPLIST_KEY_UISupportedInterfaceOrientations_iPhone = "UIInterfaceOrientationPortrait UIInterfaceOrientationLandscapeLeft UIInterfaceOrientationLandscapeRight";
				LD_RUNPATH_SEARCH_PATHS = (
					"$(inherited)",
					"@executable_path/Frameworks",
				);
				MARKETING_VERSION = 1.0;
				PRODUCT_BUNDLE_IDENTIFIER = Instagram.Instagram;
				PRODUCT_NAME = "$(TARGET_NAME)";
				SWIFT_EMIT_LOC_STRINGS = YES;
				SWIFT_VERSION = 5.0;
				TARGETED_DEVICE_FAMILY = "1,2";
			};
			name = Release;
		};
		B9DDA67527D5812000801B48 /* Debug */ = {
			isa = XCBuildConfiguration;
			baseConfigurationReference = 3CE42E755C61146737455640 /* Pods-InstagramTests.debug.xcconfig */;
			buildSettings = {
				ALWAYS_EMBED_SWIFT_STANDARD_LIBRARIES = YES;
				BUNDLE_LOADER = "$(TEST_HOST)";
				CODE_SIGN_STYLE = Automatic;
				CURRENT_PROJECT_VERSION = 1;
				DEVELOPMENT_TEAM = 3P7Z6DBL3D;
				GENERATE_INFOPLIST_FILE = YES;
				IPHONEOS_DEPLOYMENT_TARGET = 15.2;
				MARKETING_VERSION = 1.0;
				PRODUCT_BUNDLE_IDENTIFIER = Instagram.InstagramTests;
				PRODUCT_NAME = "$(TARGET_NAME)";
				SWIFT_EMIT_LOC_STRINGS = NO;
				SWIFT_VERSION = 5.0;
				TARGETED_DEVICE_FAMILY = "1,2";
				TEST_HOST = "$(BUILT_PRODUCTS_DIR)/Instagram.app/Instagram";
			};
			name = Debug;
		};
		B9DDA67627D5812000801B48 /* Release */ = {
			isa = XCBuildConfiguration;
			baseConfigurationReference = 1B50A749F8F40B7C50799D8E /* Pods-InstagramTests.release.xcconfig */;
			buildSettings = {
				ALWAYS_EMBED_SWIFT_STANDARD_LIBRARIES = YES;
				BUNDLE_LOADER = "$(TEST_HOST)";
				CODE_SIGN_STYLE = Automatic;
				CURRENT_PROJECT_VERSION = 1;
				DEVELOPMENT_TEAM = 3P7Z6DBL3D;
				GENERATE_INFOPLIST_FILE = YES;
				IPHONEOS_DEPLOYMENT_TARGET = 15.2;
				MARKETING_VERSION = 1.0;
				PRODUCT_BUNDLE_IDENTIFIER = Instagram.InstagramTests;
				PRODUCT_NAME = "$(TARGET_NAME)";
				SWIFT_EMIT_LOC_STRINGS = NO;
				SWIFT_VERSION = 5.0;
				TARGETED_DEVICE_FAMILY = "1,2";
				TEST_HOST = "$(BUILT_PRODUCTS_DIR)/Instagram.app/Instagram";
			};
			name = Release;
		};
		B9DDA67827D5812000801B48 /* Debug */ = {
			isa = XCBuildConfiguration;
			baseConfigurationReference = 5469D2947C50F93B8CFAFCB8 /* Pods-Instagram-InstagramUITests.debug.xcconfig */;
			buildSettings = {
				ALWAYS_EMBED_SWIFT_STANDARD_LIBRARIES = YES;
				CODE_SIGN_STYLE = Automatic;
				CURRENT_PROJECT_VERSION = 1;
				DEVELOPMENT_TEAM = 3P7Z6DBL3D;
				GENERATE_INFOPLIST_FILE = YES;
				MARKETING_VERSION = 1.0;
				PRODUCT_BUNDLE_IDENTIFIER = Instagram.InstagramUITests;
				PRODUCT_NAME = "$(TARGET_NAME)";
				SWIFT_EMIT_LOC_STRINGS = NO;
				SWIFT_VERSION = 5.0;
				TARGETED_DEVICE_FAMILY = "1,2";
				TEST_TARGET_NAME = Instagram;
			};
			name = Debug;
		};
		B9DDA67927D5812000801B48 /* Release */ = {
			isa = XCBuildConfiguration;
			baseConfigurationReference = 4A6BAE01FFFFEF4D0C33D585 /* Pods-Instagram-InstagramUITests.release.xcconfig */;
			buildSettings = {
				ALWAYS_EMBED_SWIFT_STANDARD_LIBRARIES = YES;
				CODE_SIGN_STYLE = Automatic;
				CURRENT_PROJECT_VERSION = 1;
				DEVELOPMENT_TEAM = 3P7Z6DBL3D;
				GENERATE_INFOPLIST_FILE = YES;
				MARKETING_VERSION = 1.0;
				PRODUCT_BUNDLE_IDENTIFIER = Instagram.InstagramUITests;
				PRODUCT_NAME = "$(TARGET_NAME)";
				SWIFT_EMIT_LOC_STRINGS = NO;
				SWIFT_VERSION = 5.0;
				TARGETED_DEVICE_FAMILY = "1,2";
				TEST_TARGET_NAME = Instagram;
			};
			name = Release;
		};
/* End XCBuildConfiguration section */

/* Begin XCConfigurationList section */
		B9DDA64227D5811B00801B48 /* Build configuration list for PBXProject "Instagram" */ = {
			isa = XCConfigurationList;
			buildConfigurations = (
				B9DDA66F27D5812000801B48 /* Debug */,
				B9DDA67027D5812000801B48 /* Release */,
			);
			defaultConfigurationIsVisible = 0;
			defaultConfigurationName = Release;
		};
		B9DDA67127D5812000801B48 /* Build configuration list for PBXNativeTarget "Instagram" */ = {
			isa = XCConfigurationList;
			buildConfigurations = (
				B9DDA67227D5812000801B48 /* Debug */,
				B9DDA67327D5812000801B48 /* Release */,
			);
			defaultConfigurationIsVisible = 0;
			defaultConfigurationName = Release;
		};
		B9DDA67427D5812000801B48 /* Build configuration list for PBXNativeTarget "InstagramTests" */ = {
			isa = XCConfigurationList;
			buildConfigurations = (
				B9DDA67527D5812000801B48 /* Debug */,
				B9DDA67627D5812000801B48 /* Release */,
			);
			defaultConfigurationIsVisible = 0;
			defaultConfigurationName = Release;
		};
		B9DDA67727D5812000801B48 /* Build configuration list for PBXNativeTarget "InstagramUITests" */ = {
			isa = XCConfigurationList;
			buildConfigurations = (
				B9DDA67827D5812000801B48 /* Debug */,
				B9DDA67927D5812000801B48 /* Release */,
			);
			defaultConfigurationIsVisible = 0;
			defaultConfigurationName = Release;
		};
/* End XCConfigurationList section */
	};
	rootObject = B9DDA63F27D5811B00801B48 /* Project object */;
}
